
Microsoft Visual Studio Solution File, Format Version 12.00
# Visual Studio 14
VisualStudioVersion = 14.0.24720.0
MinimumVisualStudioVersion = 10.0.40219.1
Project("{2150E333-8FDC-42A3-9474-1A3956D46DE8}") = "src", "src", "{2020AC68-78E1-4D95-AF3C-2186B9362078}"
EndProject
Project("{2150E333-8FDC-42A3-9474-1A3956D46DE8}") = "Solution Items", "Solution Items", "{B7C5F4AE-7354-4122-89A5-2E1ADF8ADC10}"
	ProjectSection(SolutionItems) = preProject
		global.json = global.json
	EndProjectSection
EndProject
Project("{8BB2217D-0F2D-49D1-97BC-3654ED321F3B}") = "Aurora.Web", "src\Aurora.Web\Aurora.Web.xproj", "{4AAFD9A8-008C-4ADF-8089-90C6ED4B96E3}"
EndProject
Project("{8BB2217D-0F2D-49D1-97BC-3654ED321F3B}") = "Aurora.Domain", "src\Aurora.Domain\Aurora.Domain.xproj", "{7DC27CA8-AD7C-4689-821D-C57BBF51C197}"
EndProject
Project("{8BB2217D-0F2D-49D1-97BC-3654ED321F3B}") = "Aurora.DataAccess", "src\Aurora.DataAccess\Aurora.DataAccess.xproj", "{40ACAD58-AB88-4E8E-A973-591917FE7136}"
EndProject
Project("{8BB2217D-0F2D-49D1-97BC-3654ED321F3B}") = "Aurora.Infrastructure", "src\Aurora.Infrastructure\Aurora.Infrastructure.xproj", "{6BD8EA5D-71E2-436C-BE1B-B2B80BF66A25}"
EndProject
Project("{8BB2217D-0F2D-49D1-97BC-3654ED321F3B}") = "Aurora.DomainProxy", "src\Aurora.DomainProxy\Aurora.DomainProxy.xproj", "{2223A438-89F5-4D68-90F0-4D125F3394C3}"
EndProject
Global
	GlobalSection(SolutionConfigurationPlatforms) = preSolution
		Debug|Any CPU = Debug|Any CPU
		Release|Any CPU = Release|Any CPU
	EndGlobalSection
	GlobalSection(ProjectConfigurationPlatforms) = postSolution
		{4AAFD9A8-008C-4ADF-8089-90C6ED4B96E3}.Debug|Any CPU.ActiveCfg = Debug|Any CPU
		{4AAFD9A8-008C-4ADF-8089-90C6ED4B96E3}.Debug|Any CPU.Build.0 = Debug|Any CPU
		{4AAFD9A8-008C-4ADF-8089-90C6ED4B96E3}.Release|Any CPU.ActiveCfg = Release|Any CPU
		{4AAFD9A8-008C-4ADF-8089-90C6ED4B96E3}.Release|Any CPU.Build.0 = Release|Any CPU
		{7DC27CA8-AD7C-4689-821D-C57BBF51C197}.Debug|Any CPU.ActiveCfg = Debug|Any CPU
		{7DC27CA8-AD7C-4689-821D-C57BBF51C197}.Debug|Any CPU.Build.0 = Debug|Any CPU
		{7DC27CA8-AD7C-4689-821D-C57BBF51C197}.Release|Any CPU.ActiveCfg = Release|Any CPU
		{7DC27CA8-AD7C-4689-821D-C57BBF51C197}.Release|Any CPU.Build.0 = Release|Any CPU
		{40ACAD58-AB88-4E8E-A973-591917FE7136}.Debug|Any CPU.ActiveCfg = Debug|Any CPU
		{40ACAD58-AB88-4E8E-A973-591917FE7136}.Debug|Any CPU.Build.0 = Debug|Any CPU
		{40ACAD58-AB88-4E8E-A973-591917FE7136}.Release|Any CPU.ActiveCfg = Release|Any CPU
		{40ACAD58-AB88-4E8E-A973-591917FE7136}.Release|Any CPU.Build.0 = Release|Any CPU
		{6BD8EA5D-71E2-436C-BE1B-B2B80BF66A25}.Debug|Any CPU.ActiveCfg = Debug|Any CPU
		{6BD8EA5D-71E2-436C-BE1B-B2B80BF66A25}.Debug|Any CPU.Build.0 = Debug|Any CPU
		{6BD8EA5D-71E2-436C-BE1B-B2B80BF66A25}.Release|Any CPU.ActiveCfg = Release|Any CPU
		{6BD8EA5D-71E2-436C-BE1B-B2B80BF66A25}.Release|Any CPU.Build.0 = Release|Any CPU
		{2223A438-89F5-4D68-90F0-4D125F3394C3}.Debug|Any CPU.ActiveCfg = Debug|Any CPU
		{2223A438-89F5-4D68-90F0-4D125F3394C3}.Debug|Any CPU.Build.0 = Debug|Any CPU
		{2223A438-89F5-4D68-90F0-4D125F3394C3}.Release|Any CPU.ActiveCfg = Release|Any CPU
		{2223A438-89F5-4D68-90F0-4D125F3394C3}.Release|Any CPU.Build.0 = Release|Any CPU
	EndGlobalSection
	GlobalSection(SolutionProperties) = preSolution
		HideSolutionNode = FALSE
	EndGlobalSection
	GlobalSection(NestedProjects) = preSolution
		{4AAFD9A8-008C-4ADF-8089-90C6ED4B96E3} = {2020AC68-78E1-4D95-AF3C-2186B9362078}
		{7DC27CA8-AD7C-4689-821D-C57BBF51C197} = {2020AC68-78E1-4D95-AF3C-2186B9362078}
		{40ACAD58-AB88-4E8E-A973-591917FE7136} = {2020AC68-78E1-4D95-AF3C-2186B9362078}
		{6BD8EA5D-71E2-436C-BE1B-B2B80BF66A25} = {2020AC68-78E1-4D95-AF3C-2186B9362078}
		{2223A438-89F5-4D68-90F0-4D125F3394C3} = {2020AC68-78E1-4D95-AF3C-2186B9362078}
	EndGlobalSection
EndGlobal
